// !$*UTF8*$!
{
	archiveVersion = 1;
	classes = {
	};
	objectVersion = 46;
	objects = {

/* Begin PBXBuildFile section */
		0795C6AB294B06CAB717BF33 /* libPods-ContextBlast.a in Frameworks */ = {isa = PBXBuildFile; fileRef = 5EBF9E3243576761982186A6 /* libPods-ContextBlast.a */; };
		125AB9111D8528A200B80A12 /* Main.storyboard in Resources */ = {isa = PBXBuildFile; fileRef = 12A6FEF21D84CBC6004EBECD /* Main.storyboard */; };
		125AB9121D8528A600B80A12 /* CameraOverlayView.xib in Resources */ = {isa = PBXBuildFile; fileRef = 127230091D84D4F40056FFAD /* CameraOverlayView.xib */; };
		125AB9151D85476D00B80A12 /* ImageContextTableViewController.m in Sources */ = {isa = PBXBuildFile; fileRef = 125AB9141D85476D00B80A12 /* ImageContextTableViewController.m */; };
		125AB9181D854BAE00B80A12 /* ImageContext.m in Sources */ = {isa = PBXBuildFile; fileRef = 125AB9171D854BAE00B80A12 /* ImageContext.m */; };
		125AB91A1D85510100B80A12 /* SpeechToTextWraper.swift in Sources */ = {isa = PBXBuildFile; fileRef = 125AB9191D85510100B80A12 /* SpeechToTextWraper.swift */; };
		127230081D84D4DD0056FFAD /* CameraOverlayView.m in Sources */ = {isa = PBXBuildFile; fileRef = 127230071D84D4DD0056FFAD /* CameraOverlayView.m */; };
		1272300D1D84DCC80056FFAD /* ImageDetailsViewController.m in Sources */ = {isa = PBXBuildFile; fileRef = 1272300C1D84DCC80056FFAD /* ImageDetailsViewController.m */; };
		1272300F1D850E970056FFAD /* VisualRecognitionV3.framework in Frameworks */ = {isa = PBXBuildFile; fileRef = 1272300E1D850E970056FFAD /* VisualRecognitionV3.framework */; };
		127230141D850EEE0056FFAD /* Alamofire.framework in Frameworks */ = {isa = PBXBuildFile; fileRef = 127230101D850EEE0056FFAD /* Alamofire.framework */; };
		127230151D850EEE0056FFAD /* Freddy.framework in Frameworks */ = {isa = PBXBuildFile; fileRef = 127230111D850EEE0056FFAD /* Freddy.framework */; };
		127230161D850EEE0056FFAD /* RestKit.framework in Frameworks */ = {isa = PBXBuildFile; fileRef = 127230121D850EEE0056FFAD /* RestKit.framework */; };
		127230171D850EEE0056FFAD /* TextToSpeechV1.framework in Frameworks */ = {isa = PBXBuildFile; fileRef = 127230131D850EEE0056FFAD /* TextToSpeechV1.framework */; };
		127230191D850F610056FFAD /* Alamofire.framework in CopyFiles */ = {isa = PBXBuildFile; fileRef = 127230101D850EEE0056FFAD /* Alamofire.framework */; settings = {ATTRIBUTES = (CodeSignOnCopy, RemoveHeadersOnCopy, ); }; };
		1272301A1D850F610056FFAD /* Freddy.framework in CopyFiles */ = {isa = PBXBuildFile; fileRef = 127230111D850EEE0056FFAD /* Freddy.framework */; settings = {ATTRIBUTES = (CodeSignOnCopy, RemoveHeadersOnCopy, ); }; };
		1272301B1D850F610056FFAD /* RestKit.framework in CopyFiles */ = {isa = PBXBuildFile; fileRef = 127230121D850EEE0056FFAD /* RestKit.framework */; settings = {ATTRIBUTES = (CodeSignOnCopy, RemoveHeadersOnCopy, ); }; };
		1272301C1D850F610056FFAD /* TextToSpeechV1.framework in CopyFiles */ = {isa = PBXBuildFile; fileRef = 127230131D850EEE0056FFAD /* TextToSpeechV1.framework */; settings = {ATTRIBUTES = (CodeSignOnCopy, RemoveHeadersOnCopy, ); }; };
		1272301D1D850F610056FFAD /* VisualRecognitionV3.framework in CopyFiles */ = {isa = PBXBuildFile; fileRef = 1272300E1D850E970056FFAD /* VisualRecognitionV3.framework */; settings = {ATTRIBUTES = (CodeSignOnCopy, RemoveHeadersOnCopy, ); }; };
		127230201D85193E0056FFAD /* VisualRecognitionWrapper.swift in Sources */ = {isa = PBXBuildFile; fileRef = 1272301F1D85193E0056FFAD /* VisualRecognitionWrapper.swift */; };
		128A8BD91D8526E4000DA6AE /* MainStoryboard.storyboard in Resources */ = {isa = PBXBuildFile; fileRef = 128A8BD81D8526E4000DA6AE /* MainStoryboard.storyboard */; };
		12A6FEEB1D84CBC6004EBECD /* main.m in Sources */ = {isa = PBXBuildFile; fileRef = 12A6FEEA1D84CBC6004EBECD /* main.m */; };
		12A6FEEE1D84CBC6004EBECD /* AppDelegate.m in Sources */ = {isa = PBXBuildFile; fileRef = 12A6FEED1D84CBC6004EBECD /* AppDelegate.m */; };
		12A6FEF11D84CBC6004EBECD /* ViewController.m in Sources */ = {isa = PBXBuildFile; fileRef = 12A6FEF01D84CBC6004EBECD /* ViewController.m */; };
		12A6FEF61D84CBC6004EBECD /* Assets.xcassets in Resources */ = {isa = PBXBuildFile; fileRef = 12A6FEF51D84CBC6004EBECD /* Assets.xcassets */; };
		12D987FD1D85569D00EA0F5B /* SpeechToTextV1.framework in Frameworks */ = {isa = PBXBuildFile; fileRef = 12D987FC1D85569D00EA0F5B /* SpeechToTextV1.framework */; };
		12D987FE1D8556E000EA0F5B /* SpeechToTextV1.framework in CopyFiles */ = {isa = PBXBuildFile; fileRef = 12D987FC1D85569D00EA0F5B /* SpeechToTextV1.framework */; settings = {ATTRIBUTES = (CodeSignOnCopy, RemoveHeadersOnCopy, ); }; };
		12D988001D85571E00EA0F5B /* Starscream.framework in Frameworks */ = {isa = PBXBuildFile; fileRef = 12D987FF1D85571E00EA0F5B /* Starscream.framework */; };
		12D988011D85572900EA0F5B /* Starscream.framework in CopyFiles */ = {isa = PBXBuildFile; fileRef = 12D987FF1D85571E00EA0F5B /* Starscream.framework */; settings = {ATTRIBUTES = (CodeSignOnCopy, RemoveHeadersOnCopy, ); }; };
		12F45AFC1D856DF500038760 /* LeftMessageTableViewCell.m in Sources */ = {isa = PBXBuildFile; fileRef = 12F45AFB1D856DF500038760 /* LeftMessageTableViewCell.m */; };
		12F45AFF1D856E4500038760 /* RightMessageTableViewCell.m in Sources */ = {isa = PBXBuildFile; fileRef = 12F45AFE1D856E4500038760 /* RightMessageTableViewCell.m */; };
		12F45B021D856F6700038760 /* ChatMessageData.m in Sources */ = {isa = PBXBuildFile; fileRef = 12F45B011D856F6700038760 /* ChatMessageData.m */; };
		12F45B041D8578C200038760 /* ConversationWrapper.swift in Sources */ = {isa = PBXBuildFile; fileRef = 12F45B031D8578C200038760 /* ConversationWrapper.swift */; };
		12F45B061D8578F500038760 /* ConversationV1.framework in Frameworks */ = {isa = PBXBuildFile; fileRef = 12F45B051D8578F500038760 /* ConversationV1.framework */; };
		12F45B071D8578FE00038760 /* ConversationV1.framework in CopyFiles */ = {isa = PBXBuildFile; fileRef = 12F45B051D8578F500038760 /* ConversationV1.framework */; settings = {ATTRIBUTES = (CodeSignOnCopy, RemoveHeadersOnCopy, ); }; };
		12F45B091D85A91000038760 /* TextToSpeechWrapper.swift in Sources */ = {isa = PBXBuildFile; fileRef = 12F45B081D85A91000038760 /* TextToSpeechWrapper.swift */; };
		12F45B0B1D85B4E900038760 /* Launch.storyboard in Resources */ = {isa = PBXBuildFile; fileRef = 12F45B0A1D85B4E900038760 /* Launch.storyboard */; };
/* End PBXBuildFile section */

/* Begin PBXCopyFilesBuildPhase section */
		127230181D850F340056FFAD /* CopyFiles */ = {
			isa = PBXCopyFilesBuildPhase;
			buildActionMask = 2147483647;
			dstPath = "";
			dstSubfolderSpec = 10;
			files = (
				12F45B071D8578FE00038760 /* ConversationV1.framework in CopyFiles */,
				12D988011D85572900EA0F5B /* Starscream.framework in CopyFiles */,
				12D987FE1D8556E000EA0F5B /* SpeechToTextV1.framework in CopyFiles */,
				127230191D850F610056FFAD /* Alamofire.framework in CopyFiles */,
				1272301A1D850F610056FFAD /* Freddy.framework in CopyFiles */,
				1272301B1D850F610056FFAD /* RestKit.framework in CopyFiles */,
				1272301C1D850F610056FFAD /* TextToSpeechV1.framework in CopyFiles */,
				1272301D1D850F610056FFAD /* VisualRecognitionV3.framework in CopyFiles */,
			);
			runOnlyForDeploymentPostprocessing = 0;
		};
/* End PBXCopyFilesBuildPhase section */

/* Begin PBXFileReference section */
		125AB9131D85476D00B80A12 /* ImageContextTableViewController.h */ = {isa = PBXFileReference; fileEncoding = 4; lastKnownFileType = sourcecode.c.h; path = ImageContextTableViewController.h; sourceTree = "<group>"; };
		125AB9141D85476D00B80A12 /* ImageContextTableViewController.m */ = {isa = PBXFileReference; fileEncoding = 4; lastKnownFileType = sourcecode.c.objc; path = ImageContextTableViewController.m; sourceTree = "<group>"; };
		125AB9161D854BAE00B80A12 /* ImageContext.h */ = {isa = PBXFileReference; fileEncoding = 4; lastKnownFileType = sourcecode.c.h; path = ImageContext.h; sourceTree = "<group>"; };
		125AB9171D854BAE00B80A12 /* ImageContext.m */ = {isa = PBXFileReference; fileEncoding = 4; lastKnownFileType = sourcecode.c.objc; path = ImageContext.m; sourceTree = "<group>"; };
		125AB9191D85510100B80A12 /* SpeechToTextWraper.swift */ = {isa = PBXFileReference; fileEncoding = 4; lastKnownFileType = sourcecode.swift; path = SpeechToTextWraper.swift; sourceTree = "<group>"; };
		127230061D84D4DD0056FFAD /* CameraOverlayView.h */ = {isa = PBXFileReference; fileEncoding = 4; lastKnownFileType = sourcecode.c.h; path = CameraOverlayView.h; sourceTree = "<group>"; };
		127230071D84D4DD0056FFAD /* CameraOverlayView.m */ = {isa = PBXFileReference; fileEncoding = 4; lastKnownFileType = sourcecode.c.objc; path = CameraOverlayView.m; sourceTree = "<group>"; };
		127230091D84D4F40056FFAD /* CameraOverlayView.xib */ = {isa = PBXFileReference; fileEncoding = 4; lastKnownFileType = file.xib; path = CameraOverlayView.xib; sourceTree = "<group>"; };
		1272300B1D84DCC80056FFAD /* ImageDetailsViewController.h */ = {isa = PBXFileReference; fileEncoding = 4; lastKnownFileType = sourcecode.c.h; path = ImageDetailsViewController.h; sourceTree = "<group>"; };
		1272300C1D84DCC80056FFAD /* ImageDetailsViewController.m */ = {isa = PBXFileReference; fileEncoding = 4; lastKnownFileType = sourcecode.c.objc; path = ImageDetailsViewController.m; sourceTree = "<group>"; };
		1272300E1D850E970056FFAD /* VisualRecognitionV3.framework */ = {isa = PBXFileReference; lastKnownFileType = wrapper.framework; name = VisualRecognitionV3.framework; path = Carthage/Build/iOS/VisualRecognitionV3.framework; sourceTree = "<group>"; };
		127230101D850EEE0056FFAD /* Alamofire.framework */ = {isa = PBXFileReference; lastKnownFileType = wrapper.framework; name = Alamofire.framework; path = Carthage/Build/iOS/Alamofire.framework; sourceTree = "<group>"; };
		127230111D850EEE0056FFAD /* Freddy.framework */ = {isa = PBXFileReference; lastKnownFileType = wrapper.framework; name = Freddy.framework; path = Carthage/Build/iOS/Freddy.framework; sourceTree = "<group>"; };
		127230121D850EEE0056FFAD /* RestKit.framework */ = {isa = PBXFileReference; lastKnownFileType = wrapper.framework; name = RestKit.framework; path = Carthage/Build/iOS/RestKit.framework; sourceTree = "<group>"; };
		127230131D850EEE0056FFAD /* TextToSpeechV1.framework */ = {isa = PBXFileReference; lastKnownFileType = wrapper.framework; name = TextToSpeechV1.framework; path = Carthage/Build/iOS/TextToSpeechV1.framework; sourceTree = "<group>"; };
		1272301E1D85193E0056FFAD /* ContextBlast-Bridging-Header.h */ = {isa = PBXFileReference; lastKnownFileType = sourcecode.c.h; path = "ContextBlast-Bridging-Header.h"; sourceTree = "<group>"; };
		1272301F1D85193E0056FFAD /* VisualRecognitionWrapper.swift */ = {isa = PBXFileReference; fileEncoding = 4; lastKnownFileType = sourcecode.swift; path = VisualRecognitionWrapper.swift; sourceTree = "<group>"; };
		128A8BD81D8526E4000DA6AE /* MainStoryboard.storyboard */ = {isa = PBXFileReference; fileEncoding = 4; lastKnownFileType = file.storyboard; path = MainStoryboard.storyboard; sourceTree = "<group>"; };
		12A6FEE61D84CBC6004EBECD /* ContextBlast.app */ = {isa = PBXFileReference; explicitFileType = wrapper.application; includeInIndex = 0; path = ContextBlast.app; sourceTree = BUILT_PRODUCTS_DIR; };
		12A6FEEA1D84CBC6004EBECD /* main.m */ = {isa = PBXFileReference; lastKnownFileType = sourcecode.c.objc; path = main.m; sourceTree = "<group>"; };
		12A6FEEC1D84CBC6004EBECD /* AppDelegate.h */ = {isa = PBXFileReference; lastKnownFileType = sourcecode.c.h; path = AppDelegate.h; sourceTree = "<group>"; };
		12A6FEED1D84CBC6004EBECD /* AppDelegate.m */ = {isa = PBXFileReference; lastKnownFileType = sourcecode.c.objc; path = AppDelegate.m; sourceTree = "<group>"; };
		12A6FEEF1D84CBC6004EBECD /* ViewController.h */ = {isa = PBXFileReference; lastKnownFileType = sourcecode.c.h; path = ViewController.h; sourceTree = "<group>"; };
		12A6FEF01D84CBC6004EBECD /* ViewController.m */ = {isa = PBXFileReference; lastKnownFileType = sourcecode.c.objc; path = ViewController.m; sourceTree = "<group>"; };
		12A6FEF31D84CBC6004EBECD /* Base */ = {isa = PBXFileReference; lastKnownFileType = file.storyboard; name = Base; path = Base.lproj/Main.storyboard; sourceTree = "<group>"; };
		12A6FEF51D84CBC6004EBECD /* Assets.xcassets */ = {isa = PBXFileReference; lastKnownFileType = folder.assetcatalog; path = Assets.xcassets; sourceTree = "<group>"; };
		12A6FEFA1D84CBC6004EBECD /* Info.plist */ = {isa = PBXFileReference; lastKnownFileType = text.plist.xml; path = Info.plist; sourceTree = "<group>"; };
		12D987FC1D85569D00EA0F5B /* SpeechToTextV1.framework */ = {isa = PBXFileReference; lastKnownFileType = wrapper.framework; name = SpeechToTextV1.framework; path = Carthage/Build/iOS/SpeechToTextV1.framework; sourceTree = "<group>"; };
		12D987FF1D85571E00EA0F5B /* Starscream.framework */ = {isa = PBXFileReference; lastKnownFileType = wrapper.framework; name = Starscream.framework; path = Carthage/Build/iOS/Starscream.framework; sourceTree = "<group>"; };
		12F45AFA1D856DF500038760 /* LeftMessageTableViewCell.h */ = {isa = PBXFileReference; fileEncoding = 4; lastKnownFileType = sourcecode.c.h; path = LeftMessageTableViewCell.h; sourceTree = "<group>"; };
		12F45AFB1D856DF500038760 /* LeftMessageTableViewCell.m */ = {isa = PBXFileReference; fileEncoding = 4; lastKnownFileType = sourcecode.c.objc; path = LeftMessageTableViewCell.m; sourceTree = "<group>"; };
		12F45AFD1D856E4500038760 /* RightMessageTableViewCell.h */ = {isa = PBXFileReference; fileEncoding = 4; lastKnownFileType = sourcecode.c.h; path = RightMessageTableViewCell.h; sourceTree = "<group>"; };
		12F45AFE1D856E4500038760 /* RightMessageTableViewCell.m */ = {isa = PBXFileReference; fileEncoding = 4; lastKnownFileType = sourcecode.c.objc; path = RightMessageTableViewCell.m; sourceTree = "<group>"; };
		12F45B001D856F6700038760 /* ChatMessageData.h */ = {isa = PBXFileReference; fileEncoding = 4; lastKnownFileType = sourcecode.c.h; path = ChatMessageData.h; sourceTree = "<group>"; };
		12F45B011D856F6700038760 /* ChatMessageData.m */ = {isa = PBXFileReference; fileEncoding = 4; lastKnownFileType = sourcecode.c.objc; path = ChatMessageData.m; sourceTree = "<group>"; };
		12F45B031D8578C200038760 /* ConversationWrapper.swift */ = {isa = PBXFileReference; fileEncoding = 4; lastKnownFileType = sourcecode.swift; path = ConversationWrapper.swift; sourceTree = "<group>"; };
		12F45B051D8578F500038760 /* ConversationV1.framework */ = {isa = PBXFileReference; lastKnownFileType = wrapper.framework; name = ConversationV1.framework; path = Carthage/Build/iOS/ConversationV1.framework; sourceTree = "<group>"; };
		12F45B081D85A91000038760 /* TextToSpeechWrapper.swift */ = {isa = PBXFileReference; fileEncoding = 4; lastKnownFileType = sourcecode.swift; path = TextToSpeechWrapper.swift; sourceTree = "<group>"; };
		12F45B0A1D85B4E900038760 /* Launch.storyboard */ = {isa = PBXFileReference; fileEncoding = 4; lastKnownFileType = file.storyboard; path = Launch.storyboard; sourceTree = "<group>"; };
		303BE5037E2BFB995C95E68A /* Pods-ContextBlast.release.xcconfig */ = {isa = PBXFileReference; includeInIndex = 1; lastKnownFileType = text.xcconfig; name = "Pods-ContextBlast.release.xcconfig"; path = "Pods/Target Support Files/Pods-ContextBlast/Pods-ContextBlast.release.xcconfig"; sourceTree = "<group>"; };
		5EBF9E3243576761982186A6 /* libPods-ContextBlast.a */ = {isa = PBXFileReference; explicitFileType = archive.ar; includeInIndex = 0; path = "libPods-ContextBlast.a"; sourceTree = BUILT_PRODUCTS_DIR; };
		DC0B0AF10F115D30A4F82BFD /* Pods-ContextBlast.debug.xcconfig */ = {isa = PBXFileReference; includeInIndex = 1; lastKnownFileType = text.xcconfig; name = "Pods-ContextBlast.debug.xcconfig"; path = "Pods/Target Support Files/Pods-ContextBlast/Pods-ContextBlast.debug.xcconfig"; sourceTree = "<group>"; };
/* End PBXFileReference section */

/* Begin PBXFrameworksBuildPhase section */
		12A6FEE31D84CBC6004EBECD /* Frameworks */ = {
			isa = PBXFrameworksBuildPhase;
			buildActionMask = 2147483647;
			files = (
				12D987FD1D85569D00EA0F5B /* SpeechToTextV1.framework in Frameworks */,
				0795C6AB294B06CAB717BF33 /* libPods-ContextBlast.a in Frameworks */,
				127230161D850EEE0056FFAD /* RestKit.framework in Frameworks */,
				127230141D850EEE0056FFAD /* Alamofire.framework in Frameworks */,
				12F45B061D8578F500038760 /* ConversationV1.framework in Frameworks */,
				127230171D850EEE0056FFAD /* TextToSpeechV1.framework in Frameworks */,
				12D988001D85571E00EA0F5B /* Starscream.framework in Frameworks */,
				127230151D850EEE0056FFAD /* Freddy.framework in Frameworks */,
				1272300F1D850E970056FFAD /* VisualRecognitionV3.framework in Frameworks */,
			);
			runOnlyForDeploymentPostprocessing = 0;
		};
/* End PBXFrameworksBuildPhase section */

/* Begin PBXGroup section */
		12A6FEDD1D84CBC5004EBECD = {
			isa = PBXGroup;
			children = (
				12A6FEE81D84CBC6004EBECD /* ContextBlast */,
				12A6FEE71D84CBC6004EBECD /* Products */,
				2132CB374ADA5123647502F4 /* Pods */,
				50C19D21E6654003724AF531 /* Frameworks */,
			);
			sourceTree = "<group>";
		};
		12A6FEE71D84CBC6004EBECD /* Products */ = {
			isa = PBXGroup;
			children = (
				12A6FEE61D84CBC6004EBECD /* ContextBlast.app */,
			);
			name = Products;
			sourceTree = "<group>";
		};
		12A6FEE81D84CBC6004EBECD /* ContextBlast */ = {
			isa = PBXGroup;
			children = (
				12A6FEEC1D84CBC6004EBECD /* AppDelegate.h */,
				12A6FEED1D84CBC6004EBECD /* AppDelegate.m */,
				12A6FEEF1D84CBC6004EBECD /* ViewController.h */,
				12A6FEF01D84CBC6004EBECD /* ViewController.m */,
				12A6FEF21D84CBC6004EBECD /* Main.storyboard */,
				12A6FEF51D84CBC6004EBECD /* Assets.xcassets */,
				12F45B0A1D85B4E900038760 /* Launch.storyboard */,
				12A6FEFA1D84CBC6004EBECD /* Info.plist */,
				12A6FEE91D84CBC6004EBECD /* Supporting Files */,
				127230061D84D4DD0056FFAD /* CameraOverlayView.h */,
				127230071D84D4DD0056FFAD /* CameraOverlayView.m */,
				127230091D84D4F40056FFAD /* CameraOverlayView.xib */,
				1272300B1D84DCC80056FFAD /* ImageDetailsViewController.h */,
				1272300C1D84DCC80056FFAD /* ImageDetailsViewController.m */,
				125AB9131D85476D00B80A12 /* ImageContextTableViewController.h */,
				125AB9141D85476D00B80A12 /* ImageContextTableViewController.m */,
				1272301F1D85193E0056FFAD /* VisualRecognitionWrapper.swift */,
				12F45B031D8578C200038760 /* ConversationWrapper.swift */,
				125AB9191D85510100B80A12 /* SpeechToTextWraper.swift */,
				12F45B081D85A91000038760 /* TextToSpeechWrapper.swift */,
				1272301E1D85193E0056FFAD /* ContextBlast-Bridging-Header.h */,
				128A8BD81D8526E4000DA6AE /* MainStoryboard.storyboard */,
				125AB9161D854BAE00B80A12 /* ImageContext.h */,
				125AB9171D854BAE00B80A12 /* ImageContext.m */,
				12F45AFA1D856DF500038760 /* LeftMessageTableViewCell.h */,
				12F45AFB1D856DF500038760 /* LeftMessageTableViewCell.m */,
				12F45AFD1D856E4500038760 /* RightMessageTableViewCell.h */,
				12F45AFE1D856E4500038760 /* RightMessageTableViewCell.m */,
				12F45B001D856F6700038760 /* ChatMessageData.h */,
				12F45B011D856F6700038760 /* ChatMessageData.m */,
			);
			path = ContextBlast;
			sourceTree = "<group>";
		};
		12A6FEE91D84CBC6004EBECD /* Supporting Files */ = {
			isa = PBXGroup;
			children = (
				12A6FEEA1D84CBC6004EBECD /* main.m */,
			);
			name = "Supporting Files";
			sourceTree = "<group>";
		};
		2132CB374ADA5123647502F4 /* Pods */ = {
			isa = PBXGroup;
			children = (
				DC0B0AF10F115D30A4F82BFD /* Pods-ContextBlast.debug.xcconfig */,
				303BE5037E2BFB995C95E68A /* Pods-ContextBlast.release.xcconfig */,
			);
			name = Pods;
			sourceTree = "<group>";
		};
		50C19D21E6654003724AF531 /* Frameworks */ = {
			isa = PBXGroup;
			children = (
				12F45B051D8578F500038760 /* ConversationV1.framework */,
				12D987FF1D85571E00EA0F5B /* Starscream.framework */,
				12D987FC1D85569D00EA0F5B /* SpeechToTextV1.framework */,
				127230101D850EEE0056FFAD /* Alamofire.framework */,
				127230111D850EEE0056FFAD /* Freddy.framework */,
				127230121D850EEE0056FFAD /* RestKit.framework */,
				127230131D850EEE0056FFAD /* TextToSpeechV1.framework */,
				1272300E1D850E970056FFAD /* VisualRecognitionV3.framework */,
				5EBF9E3243576761982186A6 /* libPods-ContextBlast.a */,
			);
			name = Frameworks;
			sourceTree = "<group>";
		};
/* End PBXGroup section */

/* Begin PBXNativeTarget section */
		12A6FEE51D84CBC6004EBECD /* ContextBlast */ = {
			isa = PBXNativeTarget;
			buildConfigurationList = 12A6FEFD1D84CBC6004EBECD /* Build configuration list for PBXNativeTarget "ContextBlast" */;
			buildPhases = (
				7B0680E1AC9387B57CA26BE7 /* Check Pods Manifest.lock */,
				12A6FEE21D84CBC6004EBECD /* Sources */,
				12A6FEE31D84CBC6004EBECD /* Frameworks */,
				12A6FEE41D84CBC6004EBECD /* Resources */,
				F766A6D349E9883975488ED1 /* Embed Pods Frameworks */,
				730BA8E0E9BF045DEE0911C8 /* Copy Pods Resources */,
				127230181D850F340056FFAD /* CopyFiles */,
			);
			buildRules = (
			);
			dependencies = (
			);
			name = ContextBlast;
			productName = ContextBlast;
			productReference = 12A6FEE61D84CBC6004EBECD /* ContextBlast.app */;
			productType = "com.apple.product-type.application";
		};
/* End PBXNativeTarget section */

/* Begin PBXProject section */
		12A6FEDE1D84CBC5004EBECD /* Project object */ = {
			isa = PBXProject;
			attributes = {
				LastUpgradeCheck = 0800;
				ORGANIZATIONNAME = "Adam Levy";
				TargetAttributes = {
					12A6FEE51D84CBC6004EBECD = {
						CreatedOnToolsVersion = 8.0;
						DevelopmentTeam = NWSYHFM8PA;
						LastSwiftMigration = 0800;
						ProvisioningStyle = Automatic;
					};
				};
			};
			buildConfigurationList = 12A6FEE11D84CBC5004EBECD /* Build configuration list for PBXProject "ContextBlast" */;
			compatibilityVersion = "Xcode 3.2";
			developmentRegion = English;
			hasScannedForEncodings = 0;
			knownRegions = (
				en,
				Base,
			);
			mainGroup = 12A6FEDD1D84CBC5004EBECD;
			productRefGroup = 12A6FEE71D84CBC6004EBECD /* Products */;
			projectDirPath = "";
			projectRoot = "";
			targets = (
				12A6FEE51D84CBC6004EBECD /* ContextBlast */,
			);
		};
/* End PBXProject section */

/* Begin PBXResourcesBuildPhase section */
		12A6FEE41D84CBC6004EBECD /* Resources */ = {
			isa = PBXResourcesBuildPhase;
			buildActionMask = 2147483647;
			files = (
				125AB9121D8528A600B80A12 /* CameraOverlayView.xib in Resources */,
				12F45B0B1D85B4E900038760 /* Launch.storyboard in Resources */,
				125AB9111D8528A200B80A12 /* Main.storyboard in Resources */,
				128A8BD91D8526E4000DA6AE /* MainStoryboard.storyboard in Resources */,
				12A6FEF61D84CBC6004EBECD /* Assets.xcassets in Resources */,
			);
			runOnlyForDeploymentPostprocessing = 0;
		};
/* End PBXResourcesBuildPhase section */

/* Begin PBXShellScriptBuildPhase section */
		730BA8E0E9BF045DEE0911C8 /* Copy Pods Resources */ = {
			isa = PBXShellScriptBuildPhase;
			buildActionMask = 2147483647;
			files = (
			);
			inputPaths = (
			);
			name = "Copy Pods Resources";
			outputPaths = (
			);
			runOnlyForDeploymentPostprocessing = 0;
			shellPath = /bin/sh;
			shellScript = "\"${SRCROOT}/Pods/Target Support Files/Pods-ContextBlast/Pods-ContextBlast-resources.sh\"\n";
			showEnvVarsInLog = 0;
		};
		7B0680E1AC9387B57CA26BE7 /* Check Pods Manifest.lock */ = {
			isa = PBXShellScriptBuildPhase;
			buildActionMask = 2147483647;
			files = (
			);
			inputPaths = (
			);
			name = "Check Pods Manifest.lock";
			outputPaths = (
			);
			runOnlyForDeploymentPostprocessing = 0;
			shellPath = /bin/sh;
			shellScript = "diff \"${PODS_ROOT}/../Podfile.lock\" \"${PODS_ROOT}/Manifest.lock\" > /dev/null\nif [[ $? != 0 ]] ; then\n    cat << EOM\nerror: The sandbox is not in sync with the Podfile.lock. Run 'pod install' or update your CocoaPods installation.\nEOM\n    exit 1\nfi\n";
			showEnvVarsInLog = 0;
		};
		F766A6D349E9883975488ED1 /* Embed Pods Frameworks */ = {
			isa = PBXShellScriptBuildPhase;
			buildActionMask = 2147483647;
			files = (
			);
			inputPaths = (
			);
			name = "Embed Pods Frameworks";
			outputPaths = (
			);
			runOnlyForDeploymentPostprocessing = 0;
			shellPath = /bin/sh;
			shellScript = "\"${SRCROOT}/Pods/Target Support Files/Pods-ContextBlast/Pods-ContextBlast-frameworks.sh\"\n";
			showEnvVarsInLog = 0;
		};
/* End PBXShellScriptBuildPhase section */

/* Begin PBXSourcesBuildPhase section */
		12A6FEE21D84CBC6004EBECD /* Sources */ = {
			isa = PBXSourcesBuildPhase;
			buildActionMask = 2147483647;
			files = (
				125AB9151D85476D00B80A12 /* ImageContextTableViewController.m in Sources */,
				125AB9181D854BAE00B80A12 /* ImageContext.m in Sources */,
				127230081D84D4DD0056FFAD /* CameraOverlayView.m in Sources */,
				12F45B021D856F6700038760 /* ChatMessageData.m in Sources */,
				127230201D85193E0056FFAD /* VisualRecognitionWrapper.swift in Sources */,
				12F45B091D85A91000038760 /* TextToSpeechWrapper.swift in Sources */,
				12F45AFC1D856DF500038760 /* LeftMessageTableViewCell.m in Sources */,
				12A6FEF11D84CBC6004EBECD /* ViewController.m in Sources */,
				12A6FEEE1D84CBC6004EBECD /* AppDelegate.m in Sources */,
				125AB91A1D85510100B80A12 /* SpeechToTextWraper.swift in Sources */,
				12F45AFF1D856E4500038760 /* RightMessageTableViewCell.m in Sources */,
				12F45B041D8578C200038760 /* ConversationWrapper.swift in Sources */,
				1272300D1D84DCC80056FFAD /* ImageDetailsViewController.m in Sources */,
				12A6FEEB1D84CBC6004EBECD /* main.m in Sources */,
			);
			runOnlyForDeploymentPostprocessing = 0;
		};
/* End PBXSourcesBuildPhase section */

/* Begin PBXVariantGroup section */
		12A6FEF21D84CBC6004EBECD /* Main.storyboard */ = {
			isa = PBXVariantGroup;
			children = (
				12A6FEF31D84CBC6004EBECD /* Base */,
			);
			name = Main.storyboard;
			sourceTree = "<group>";
		};
/* End PBXVariantGroup section */

/* Begin XCBuildConfiguration section */
		12A6FEFB1D84CBC6004EBECD /* Debug */ = {
			isa = XCBuildConfiguration;
			buildSettings = {
				ALWAYS_SEARCH_USER_PATHS = NO;
				CLANG_ANALYZER_NONNULL = YES;
				CLANG_CXX_LANGUAGE_STANDARD = "gnu++0x";
				CLANG_CXX_LIBRARY = "libc++";
				CLANG_ENABLE_MODULES = YES;
				CLANG_ENABLE_OBJC_ARC = YES;
				CLANG_WARN_BOOL_CONVERSION = YES;
				CLANG_WARN_CONSTANT_CONVERSION = YES;
				CLANG_WARN_DIRECT_OBJC_ISA_USAGE = YES_ERROR;
				CLANG_WARN_DOCUMENTATION_COMMENTS = YES;
				CLANG_WARN_EMPTY_BODY = YES;
				CLANG_WARN_ENUM_CONVERSION = YES;
				CLANG_WARN_INFINITE_RECURSION = YES;
				CLANG_WARN_INT_CONVERSION = YES;
				CLANG_WARN_OBJC_ROOT_CLASS = YES_ERROR;
				CLANG_WARN_SUSPICIOUS_MOVES = YES;
				CLANG_WARN_UNREACHABLE_CODE = YES;
				CLANG_WARN__DUPLICATE_METHOD_MATCH = YES;
				"CODE_SIGN_IDENTITY[sdk=iphoneos*]" = "iPhone Developer";
				COPY_PHASE_STRIP = NO;
				DEBUG_INFORMATION_FORMAT = dwarf;
				ENABLE_STRICT_OBJC_MSGSEND = YES;
				ENABLE_TESTABILITY = YES;
				GCC_C_LANGUAGE_STANDARD = gnu99;
				GCC_DYNAMIC_NO_PIC = NO;
				GCC_NO_COMMON_BLOCKS = YES;
				GCC_OPTIMIZATION_LEVEL = 0;
				GCC_PREPROCESSOR_DEFINITIONS = (
					"DEBUG=1",
					"$(inherited)",
				);
				GCC_WARN_64_TO_32_BIT_CONVERSION = YES;
				GCC_WARN_ABOUT_RETURN_TYPE = YES_ERROR;
				GCC_WARN_UNDECLARED_SELECTOR = YES;
				GCC_WARN_UNINITIALIZED_AUTOS = YES_AGGRESSIVE;
				GCC_WARN_UNUSED_FUNCTION = YES;
				GCC_WARN_UNUSED_VARIABLE = YES;
				IPHONEOS_DEPLOYMENT_TARGET = 9.3;
				MTL_ENABLE_DEBUG_INFO = YES;
				ONLY_ACTIVE_ARCH = YES;
				SDKROOT = iphoneos;
				TARGETED_DEVICE_FAMILY = "1,2";
			};
			name = Debug;
		};
		12A6FEFC1D84CBC6004EBECD /* Release */ = {
			isa = XCBuildConfiguration;
			buildSettings = {
				ALWAYS_SEARCH_USER_PATHS = NO;
				CLANG_ANALYZER_NONNULL = YES;
				CLANG_CXX_LANGUAGE_STANDARD = "gnu++0x";
				CLANG_CXX_LIBRARY = "libc++";
				CLANG_ENABLE_MODULES = YES;
				CLANG_ENABLE_OBJC_ARC = YES;
				CLANG_WARN_BOOL_CONVERSION = YES;
				CLANG_WARN_CONSTANT_CONVERSION = YES;
				CLANG_WARN_DIRECT_OBJC_ISA_USAGE = YES_ERROR;
				CLANG_WARN_DOCUMENTATION_COMMENTS = YES;
				CLANG_WARN_EMPTY_BODY = YES;
				CLANG_WARN_ENUM_CONVERSION = YES;
				CLANG_WARN_INFINITE_RECURSION = YES;
				CLANG_WARN_INT_CONVERSION = YES;
				CLANG_WARN_OBJC_ROOT_CLASS = YES_ERROR;
				CLANG_WARN_SUSPICIOUS_MOVES = YES;
				CLANG_WARN_UNREACHABLE_CODE = YES;
				CLANG_WARN__DUPLICATE_METHOD_MATCH = YES;
				"CODE_SIGN_IDENTITY[sdk=iphoneos*]" = "iPhone Developer";
				COPY_PHASE_STRIP = NO;
				DEBUG_INFORMATION_FORMAT = "dwarf-with-dsym";
				ENABLE_NS_ASSERTIONS = NO;
				ENABLE_STRICT_OBJC_MSGSEND = YES;
				GCC_C_LANGUAGE_STANDARD = gnu99;
				GCC_NO_COMMON_BLOCKS = YES;
				GCC_WARN_64_TO_32_BIT_CONVERSION = YES;
				GCC_WARN_ABOUT_RETURN_TYPE = YES_ERROR;
				GCC_WARN_UNDECLARED_SELECTOR = YES;
				GCC_WARN_UNINITIALIZED_AUTOS = YES_AGGRESSIVE;
				GCC_WARN_UNUSED_FUNCTION = YES;
				GCC_WARN_UNUSED_VARIABLE = YES;
				IPHONEOS_DEPLOYMENT_TARGET = 9.3;
				MTL_ENABLE_DEBUG_INFO = NO;
				SDKROOT = iphoneos;
				TARGETED_DEVICE_FAMILY = "1,2";
				VALIDATE_PRODUCT = YES;
			};
			name = Release;
		};
		12A6FEFE1D84CBC6004EBECD /* Debug */ = {
			isa = XCBuildConfiguration;
			baseConfigurationReference = DC0B0AF10F115D30A4F82BFD /* Pods-ContextBlast.debug.xcconfig */;
			buildSettings = {
				ASSETCATALOG_COMPILER_APPICON_NAME = AppIcon;
				CLANG_ENABLE_MODULES = YES;
				DEVELOPMENT_TEAM = NWSYHFM8PA;
				FRAMEWORK_SEARCH_PATHS = (
					"$(inherited)",
					"$(PROJECT_DIR)/Carthage/Build/iOS",
				);
				INFOPLIST_FILE = ContextBlast/Info.plist;
				IPHONEOS_DEPLOYMENT_TARGET = 9.3;
				LD_RUNPATH_SEARCH_PATHS = "$(inherited) @executable_path/Frameworks";
				PRODUCT_BUNDLE_IDENTIFIER = com.adamsappls.ContextBlast;
				PRODUCT_NAME = "$(TARGET_NAME)";
				SWIFT_OBJC_BRIDGING_HEADER = "ContextBlast/ContextBlast-Bridging-Header.h";
				SWIFT_OPTIMIZATION_LEVEL = "-Onone";
				SWIFT_VERSION = 3.0;
			};
			name = Debug;
		};
		12A6FEFF1D84CBC6004EBECD /* Release */ = {
			isa = XCBuildConfiguration;
			baseConfigurationReference = 303BE5037E2BFB995C95E68A /* Pods-ContextBlast.release.xcconfig */;
			buildSettings = {
				ASSETCATALOG_COMPILER_APPICON_NAME = AppIcon;
				CLANG_ENABLE_MODULES = YES;
				DEVELOPMENT_TEAM = NWSYHFM8PA;
				FRAMEWORK_SEARCH_PATHS = (
					"$(inherited)",
					"$(PROJECT_DIR)/Carthage/Build/iOS",
				);
				INFOPLIST_FILE = ContextBlast/Info.plist;
				IPHONEOS_DEPLOYMENT_TARGET = 9.3;
				LD_RUNPATH_SEARCH_PATHS = "$(inherited) @executable_path/Frameworks";
				PRODUCT_BUNDLE_IDENTIFIER = com.adamsappls.ContextBlast;
				PRODUCT_NAME = "$(TARGET_NAME)";
				SWIFT_OBJC_BRIDGING_HEADER = "ContextBlast/ContextBlast-Bridging-Header.h";
				SWIFT_VERSION = 3.0;
			};
			name = Release;
		};
/* End XCBuildConfiguration section */

/* Begin XCConfigurationList section */
		12A6FEE11D84CBC5004EBECD /* Build configuration list for PBXProject "ContextBlast" */ = {
			isa = XCConfigurationList;
			buildConfigurations = (
				12A6FEFB1D84CBC6004EBECD /* Debug */,
				12A6FEFC1D84CBC6004EBECD /* Release */,
			);
			defaultConfigurationIsVisible = 0;
			defaultConfigurationName = Release;
		};
		12A6FEFD1D84CBC6004EBECD /* Build configuration list for PBXNativeTarget "ContextBlast" */ = {
			isa = XCConfigurationList;
			buildConfigurations = (
				12A6FEFE1D84CBC6004EBECD /* Debug */,
				12A6FEFF1D84CBC6004EBECD /* Release */,
			);
			defaultConfigurationIsVisible = 0;
			defaultConfigurationName = Release;
		};
/* End XCConfigurationList section */
	};
	rootObject = 12A6FEDE1D84CBC5004EBECD /* Project object */;
}
